// !$*UTF8*$!
{
	archiveVersion = 1;
	classes = {
	};
	objectVersion = 50;
	objects = {

/* Begin PBXBuildFile section */
		B81070A625A7E9150085983E /* AppDelegate.swift in Sources */ = {isa = PBXBuildFile; fileRef = B81070A525A7E9150085983E /* AppDelegate.swift */; };
		B81070AA25A7E9150085983E /* DrawingVC.swift in Sources */ = {isa = PBXBuildFile; fileRef = B81070A925A7E9150085983E /* DrawingVC.swift */; };
		B81070AF25A7E9160085983E /* Assets.xcassets in Resources */ = {isa = PBXBuildFile; fileRef = B81070AE25A7E9160085983E /* Assets.xcassets */; };
		B81070B225A7E9160085983E /* LaunchScreen.storyboard in Resources */ = {isa = PBXBuildFile; fileRef = B81070B025A7E9160085983E /* LaunchScreen.storyboard */; };
		B81070BB25A7E9560085983E /* CanvasView.swift in Sources */ = {isa = PBXBuildFile; fileRef = B81070BA25A7E9560085983E /* CanvasView.swift */; };
		B81070C325A7EF5A0085983E /* PreviewImgVC.swift in Sources */ = {isa = PBXBuildFile; fileRef = B81070C225A7EF5A0085983E /* PreviewImgVC.swift */; };
		B8486901262D6F0E00C95435 /* DrawingOnImgViewVC.swift in Sources */ = {isa = PBXBuildFile; fileRef = B84868FF262D6F0E00C95435 /* DrawingOnImgViewVC.swift */; };
		B8486902262D6F0E00C95435 /* DrawingOnImgViewVC.xib in Resources */ = {isa = PBXBuildFile; fileRef = B8486900262D6F0E00C95435 /* DrawingOnImgViewVC.xib */; };
		B8486906262D6F2F00C95435 /* DrawnImageView.swift in Sources */ = {isa = PBXBuildFile; fileRef = B8486905262D6F2F00C95435 /* DrawnImageView.swift */; };
		B8486943262FB6E400C95435 /* BlueTheme.swift in Sources */ = {isa = PBXBuildFile; fileRef = B848693F262FB6E400C95435 /* BlueTheme.swift */; };
		B8486944262FB6E400C95435 /* ThemeProtocol.swift in Sources */ = {isa = PBXBuildFile; fileRef = B8486940262FB6E400C95435 /* ThemeProtocol.swift */; };
		B8486945262FB6E400C95435 /* Theme.swift in Sources */ = {isa = PBXBuildFile; fileRef = B8486941262FB6E400C95435 /* Theme.swift */; };
		B8486946262FB6E400C95435 /* RedTheme.swift in Sources */ = {isa = PBXBuildFile; fileRef = B8486942262FB6E400C95435 /* RedTheme.swift */; };
		B872AC18261F3E7F0096ACD3 /* HapticsUtil.swift in Sources */ = {isa = PBXBuildFile; fileRef = B872AC17261F3E7F0096ACD3 /* HapticsUtil.swift */; };
		B872AC1D261F44300096ACD3 /* CustomSliderManager.swift in Sources */ = {isa = PBXBuildFile; fileRef = B872AC1C261F44300096ACD3 /* CustomSliderManager.swift */; };
		B872AC2A26203C150096ACD3 /* CustomLabelManager.swift in Sources */ = {isa = PBXBuildFile; fileRef = B872AC2926203C150096ACD3 /* CustomLabelManager.swift */; };
		B872AC2E26203C930096ACD3 /* Main.storyboard in Resources */ = {isa = PBXBuildFile; fileRef = B872AC2D26203C930096ACD3 /* Main.storyboard */; };
		B872AC4A262140E80096ACD3 /* UIColorExtension.swift in Sources */ = {isa = PBXBuildFile; fileRef = B872AC49262140E80096ACD3 /* UIColorExtension.swift */; };
		B872AC4D262141130096ACD3 /* UITextFieldExtension.swift in Sources */ = {isa = PBXBuildFile; fileRef = B872AC4C262141130096ACD3 /* UITextFieldExtension.swift */; };
		B872AC50262141440096ACD3 /* ArrayExtension.swift in Sources */ = {isa = PBXBuildFile; fileRef = B872AC4F262141440096ACD3 /* ArrayExtension.swift */; };
		B87A7099262541FF00FB1707 /* DrawingExtensionGesture.swift in Sources */ = {isa = PBXBuildFile; fileRef = B87A7098262541FF00FB1707 /* DrawingExtensionGesture.swift */; };
		B87ED3F025B912E700CF3EA9 /* 鍵盤不遮擋文字框.swift in Sources */ = {isa = PBXBuildFile; fileRef = B87ED3EF25B912E700CF3EA9 /* 鍵盤不遮擋文字框.swift */; };
		B87ED3FD25B966EA00CF3EA9 /* PrintInfoUtil.swift in Sources */ = {isa = PBXBuildFile; fileRef = B87ED3FC25B966EA00CF3EA9 /* PrintInfoUtil.swift */; };
		B87ED40025B9800000CF3EA9 /* UIViewExtension.swift in Sources */ = {isa = PBXBuildFile; fileRef = B87ED3FF25B9800000CF3EA9 /* UIViewExtension.swift */; };
		B87ED40325BE57B700CF3EA9 /* GesturesAnimationUtil.swift in Sources */ = {isa = PBXBuildFile; fileRef = B87ED40225BE57B700CF3EA9 /* GesturesAnimationUtil.swift */; };
		B883D72025B81C4500751A63 /* AlertViewUtil.swift in Sources */ = {isa = PBXBuildFile; fileRef = B883D71F25B81C4500751A63 /* AlertViewUtil.swift */; };
		B8867AC42621489300B14462 /* UIImageExtension.swift in Sources */ = {isa = PBXBuildFile; fileRef = B8867AC32621489300B14462 /* UIImageExtension.swift */; };
		B8867ACB2621547400B14462 /* ImageUtil.swift in Sources */ = {isa = PBXBuildFile; fileRef = B8867ACA2621547400B14462 /* ImageUtil.swift */; };
		B8867AE026247A5500B14462 /* EditTextVC.swift in Sources */ = {isa = PBXBuildFile; fileRef = B8867ADE26247A5500B14462 /* EditTextVC.swift */; };
		B8867AE526247B2200B14462 /* EditTextVC.xib in Resources */ = {isa = PBXBuildFile; fileRef = B8867AE426247B2200B14462 /* EditTextVC.xib */; };
		B88DA26B262BE66800C0B37E /* SettingVC.swift in Sources */ = {isa = PBXBuildFile; fileRef = B88DA26A262BE66800C0B37E /* SettingVC.swift */; };
		B88DA270262BE67000C0B37E /* SectionTVCell.swift in Sources */ = {isa = PBXBuildFile; fileRef = B88DA26E262BE67000C0B37E /* SectionTVCell.swift */; };
		B88DA271262BE67000C0B37E /* SectionTVCell.xib in Resources */ = {isa = PBXBuildFile; fileRef = B88DA26F262BE67000C0B37E /* SectionTVCell.xib */; };
		B88DA276262BE6B100C0B37E /* XibViewForCell.xib in Resources */ = {isa = PBXBuildFile; fileRef = B88DA274262BE6B100C0B37E /* XibViewForCell.xib */; };
		B88DA277262BE6B100C0B37E /* XibViewForCell.swift in Sources */ = {isa = PBXBuildFile; fileRef = B88DA275262BE6B100C0B37E /* XibViewForCell.swift */; };
		B88DA27F262C03E800C0B37E /* CustomSegment.swift in Sources */ = {isa = PBXBuildFile; fileRef = B88DA27E262C03E800C0B37E /* CustomSegment.swift */; };
		B8E082F226311FD4003BC566 /* DrawOnImgVC.swift in Sources */ = {isa = PBXBuildFile; fileRef = B8E082F026311FD4003BC566 /* DrawOnImgVC.swift */; };
		B8E082F326311FD4003BC566 /* DrawOnImgVC.xib in Resources */ = {isa = PBXBuildFile; fileRef = B8E082F126311FD4003BC566 /* DrawOnImgVC.xib */; };
		B8E082F82631205F003BC566 /* PickColorCVCell.swift in Sources */ = {isa = PBXBuildFile; fileRef = B8E082F62631205F003BC566 /* PickColorCVCell.swift */; };
		B8E082F92631205F003BC566 /* PickColorCVCell.xib in Resources */ = {isa = PBXBuildFile; fileRef = B8E082F72631205F003BC566 /* PickColorCVCell.xib */; };
		B8F03EF626291E7F00783A5A /* HomePageVC.swift in Sources */ = {isa = PBXBuildFile; fileRef = B8F03EF426291E7F00783A5A /* HomePageVC.swift */; };
		B8F03EFE262921B000783A5A /* CustomSegmentVC.swift in Sources */ = {isa = PBXBuildFile; fileRef = B8F03EFC262921B000783A5A /* CustomSegmentVC.swift */; };
		B8F03EFF262921B000783A5A /* CustomSegmentVC.xib in Resources */ = {isa = PBXBuildFile; fileRef = B8F03EFD262921B000783A5A /* CustomSegmentVC.xib */; };
/* End PBXBuildFile section */

/* Begin PBXFileReference section */
		B81070A225A7E9150085983E /* DrawingFor12-older.app */ = {isa = PBXFileReference; explicitFileType = wrapper.application; includeInIndex = 0; path = "DrawingFor12-older.app"; sourceTree = BUILT_PRODUCTS_DIR; };
		B81070A525A7E9150085983E /* AppDelegate.swift */ = {isa = PBXFileReference; lastKnownFileType = sourcecode.swift; path = AppDelegate.swift; sourceTree = "<group>"; };
		B81070A925A7E9150085983E /* DrawingVC.swift */ = {isa = PBXFileReference; lastKnownFileType = sourcecode.swift; path = DrawingVC.swift; sourceTree = "<group>"; };
		B81070AE25A7E9160085983E /* Assets.xcassets */ = {isa = PBXFileReference; lastKnownFileType = folder.assetcatalog; path = Assets.xcassets; sourceTree = "<group>"; };
		B81070B125A7E9160085983E /* Base */ = {isa = PBXFileReference; lastKnownFileType = file.storyboard; name = Base; path = Base.lproj/LaunchScreen.storyboard; sourceTree = "<group>"; };
		B81070B325A7E9160085983E /* Info.plist */ = {isa = PBXFileReference; lastKnownFileType = text.plist.xml; path = Info.plist; sourceTree = "<group>"; };
		B81070BA25A7E9560085983E /* CanvasView.swift */ = {isa = PBXFileReference; fileEncoding = 4; lastKnownFileType = sourcecode.swift; path = CanvasView.swift; sourceTree = "<group>"; };
		B81070C225A7EF5A0085983E /* PreviewImgVC.swift */ = {isa = PBXFileReference; fileEncoding = 4; lastKnownFileType = sourcecode.swift; path = PreviewImgVC.swift; sourceTree = "<group>"; };
		B84868FF262D6F0E00C95435 /* DrawingOnImgViewVC.swift */ = {isa = PBXFileReference; lastKnownFileType = sourcecode.swift; path = DrawingOnImgViewVC.swift; sourceTree = "<group>"; };
		B8486900262D6F0E00C95435 /* DrawingOnImgViewVC.xib */ = {isa = PBXFileReference; lastKnownFileType = file.xib; path = DrawingOnImgViewVC.xib; sourceTree = "<group>"; };
		B8486905262D6F2F00C95435 /* DrawnImageView.swift */ = {isa = PBXFileReference; lastKnownFileType = sourcecode.swift; path = DrawnImageView.swift; sourceTree = "<group>"; };
		B848693F262FB6E400C95435 /* BlueTheme.swift */ = {isa = PBXFileReference; fileEncoding = 4; lastKnownFileType = sourcecode.swift; path = BlueTheme.swift; sourceTree = "<group>"; };
		B8486940262FB6E400C95435 /* ThemeProtocol.swift */ = {isa = PBXFileReference; fileEncoding = 4; lastKnownFileType = sourcecode.swift; path = ThemeProtocol.swift; sourceTree = "<group>"; };
		B8486941262FB6E400C95435 /* Theme.swift */ = {isa = PBXFileReference; fileEncoding = 4; lastKnownFileType = sourcecode.swift; path = Theme.swift; sourceTree = "<group>"; };
		B8486942262FB6E400C95435 /* RedTheme.swift */ = {isa = PBXFileReference; fileEncoding = 4; lastKnownFileType = sourcecode.swift; path = RedTheme.swift; sourceTree = "<group>"; };
		B872AC17261F3E7F0096ACD3 /* HapticsUtil.swift */ = {isa = PBXFileReference; lastKnownFileType = sourcecode.swift; path = HapticsUtil.swift; sourceTree = "<group>"; };
		B872AC1C261F44300096ACD3 /* CustomSliderManager.swift */ = {isa = PBXFileReference; fileEncoding = 4; lastKnownFileType = sourcecode.swift; path = CustomSliderManager.swift; sourceTree = "<group>"; };
		B872AC2926203C150096ACD3 /* CustomLabelManager.swift */ = {isa = PBXFileReference; fileEncoding = 4; lastKnownFileType = sourcecode.swift; path = CustomLabelManager.swift; sourceTree = "<group>"; };
		B872AC2D26203C930096ACD3 /* Main.storyboard */ = {isa = PBXFileReference; fileEncoding = 4; lastKnownFileType = file.storyboard; path = Main.storyboard; sourceTree = "<group>"; };
		B872AC49262140E80096ACD3 /* UIColorExtension.swift */ = {isa = PBXFileReference; lastKnownFileType = sourcecode.swift; path = UIColorExtension.swift; sourceTree = "<group>"; };
		B872AC4C262141130096ACD3 /* UITextFieldExtension.swift */ = {isa = PBXFileReference; lastKnownFileType = sourcecode.swift; path = UITextFieldExtension.swift; sourceTree = "<group>"; };
		B872AC4F262141440096ACD3 /* ArrayExtension.swift */ = {isa = PBXFileReference; lastKnownFileType = sourcecode.swift; path = ArrayExtension.swift; sourceTree = "<group>"; };
		B87A7098262541FF00FB1707 /* DrawingExtensionGesture.swift */ = {isa = PBXFileReference; lastKnownFileType = sourcecode.swift; path = DrawingExtensionGesture.swift; sourceTree = "<group>"; };
		B87ED3EF25B912E700CF3EA9 /* 鍵盤不遮擋文字框.swift */ = {isa = PBXFileReference; lastKnownFileType = sourcecode.swift; path = "鍵盤不遮擋文字框.swift"; sourceTree = "<group>"; };
		B87ED3FC25B966EA00CF3EA9 /* PrintInfoUtil.swift */ = {isa = PBXFileReference; lastKnownFileType = sourcecode.swift; path = PrintInfoUtil.swift; sourceTree = "<group>"; };
		B87ED3FF25B9800000CF3EA9 /* UIViewExtension.swift */ = {isa = PBXFileReference; lastKnownFileType = sourcecode.swift; path = UIViewExtension.swift; sourceTree = "<group>"; };
		B87ED40225BE57B700CF3EA9 /* GesturesAnimationUtil.swift */ = {isa = PBXFileReference; lastKnownFileType = sourcecode.swift; path = GesturesAnimationUtil.swift; sourceTree = "<group>"; };
		B883D71F25B81C4500751A63 /* AlertViewUtil.swift */ = {isa = PBXFileReference; lastKnownFileType = sourcecode.swift; path = AlertViewUtil.swift; sourceTree = "<group>"; };
		B8867AC32621489300B14462 /* UIImageExtension.swift */ = {isa = PBXFileReference; lastKnownFileType = sourcecode.swift; path = UIImageExtension.swift; sourceTree = "<group>"; };
		B8867ACA2621547400B14462 /* ImageUtil.swift */ = {isa = PBXFileReference; lastKnownFileType = sourcecode.swift; path = ImageUtil.swift; sourceTree = "<group>"; };
		B8867ADE26247A5500B14462 /* EditTextVC.swift */ = {isa = PBXFileReference; lastKnownFileType = sourcecode.swift; path = EditTextVC.swift; sourceTree = "<group>"; };
		B8867AE426247B2200B14462 /* EditTextVC.xib */ = {isa = PBXFileReference; fileEncoding = 4; lastKnownFileType = file.xib; path = EditTextVC.xib; sourceTree = "<group>"; };
		B88DA26A262BE66800C0B37E /* SettingVC.swift */ = {isa = PBXFileReference; fileEncoding = 4; lastKnownFileType = sourcecode.swift; path = SettingVC.swift; sourceTree = "<group>"; };
		B88DA26E262BE67000C0B37E /* SectionTVCell.swift */ = {isa = PBXFileReference; fileEncoding = 4; lastKnownFileType = sourcecode.swift; path = SectionTVCell.swift; sourceTree = "<group>"; };
		B88DA26F262BE67000C0B37E /* SectionTVCell.xib */ = {isa = PBXFileReference; fileEncoding = 4; lastKnownFileType = file.xib; path = SectionTVCell.xib; sourceTree = "<group>"; };
		B88DA274262BE6B100C0B37E /* XibViewForCell.xib */ = {isa = PBXFileReference; fileEncoding = 4; lastKnownFileType = file.xib; path = XibViewForCell.xib; sourceTree = "<group>"; };
		B88DA275262BE6B100C0B37E /* XibViewForCell.swift */ = {isa = PBXFileReference; fileEncoding = 4; lastKnownFileType = sourcecode.swift; path = XibViewForCell.swift; sourceTree = "<group>"; };
		B88DA27E262C03E800C0B37E /* CustomSegment.swift */ = {isa = PBXFileReference; lastKnownFileType = sourcecode.swift; path = CustomSegment.swift; sourceTree = "<group>"; };
		B8E082F026311FD4003BC566 /* DrawOnImgVC.swift */ = {isa = PBXFileReference; lastKnownFileType = sourcecode.swift; path = DrawOnImgVC.swift; sourceTree = "<group>"; };
		B8E082F126311FD4003BC566 /* DrawOnImgVC.xib */ = {isa = PBXFileReference; lastKnownFileType = file.xib; path = DrawOnImgVC.xib; sourceTree = "<group>"; };
		B8E082F62631205F003BC566 /* PickColorCVCell.swift */ = {isa = PBXFileReference; fileEncoding = 4; lastKnownFileType = sourcecode.swift; path = PickColorCVCell.swift; sourceTree = "<group>"; };
		B8E082F72631205F003BC566 /* PickColorCVCell.xib */ = {isa = PBXFileReference; fileEncoding = 4; lastKnownFileType = file.xib; path = PickColorCVCell.xib; sourceTree = "<group>"; };
		B8F03EF426291E7F00783A5A /* HomePageVC.swift */ = {isa = PBXFileReference; lastKnownFileType = sourcecode.swift; path = HomePageVC.swift; sourceTree = "<group>"; };
		B8F03EFC262921B000783A5A /* CustomSegmentVC.swift */ = {isa = PBXFileReference; lastKnownFileType = sourcecode.swift; path = CustomSegmentVC.swift; sourceTree = "<group>"; };
		B8F03EFD262921B000783A5A /* CustomSegmentVC.xib */ = {isa = PBXFileReference; lastKnownFileType = file.xib; path = CustomSegmentVC.xib; sourceTree = "<group>"; };
/* End PBXFileReference section */

/* Begin PBXFrameworksBuildPhase section */
		B810709F25A7E9150085983E /* Frameworks */ = {
			isa = PBXFrameworksBuildPhase;
			buildActionMask = 2147483647;
			files = (
			);
			runOnlyForDeploymentPostprocessing = 0;
		};
/* End PBXFrameworksBuildPhase section */

/* Begin PBXGroup section */
		B810709925A7E9150085983E = {
			isa = PBXGroup;
			children = (
				B81070A425A7E9150085983E /* DrawingFor12-older */,
				B81070A325A7E9150085983E /* Products */,
			);
			sourceTree = "<group>";
		};
		B81070A325A7E9150085983E /* Products */ = {
			isa = PBXGroup;
			children = (
				B81070A225A7E9150085983E /* DrawingFor12-older.app */,
			);
			name = Products;
			sourceTree = "<group>";
		};
		B81070A425A7E9150085983E /* DrawingFor12-older */ = {
			isa = PBXGroup;
			children = (
				B81070A525A7E9150085983E /* AppDelegate.swift */,
				B883D71E25B81C2600751A63 /* Module */,
				B872AC3126203D280096ACD3 /* View */,
				B872AC3226203DD20096ACD3 /* Controller */,
				B81070B325A7E9160085983E /* Info.plist */,
				B87ED3EE25B912B100CF3EA9 /* Explanation */,
				B872AC44262140650096ACD3 /* Extention */,
				B872AC3026203CCA0096ACD3 /* IBInspectableModule */,
				B872AC43262140510096ACD3 /* Utils */,
			);
			path = "DrawingFor12-older";
			sourceTree = "<group>";
		};
		B84868FE262D6E9F00C95435 /* 3-DrawingOnUIImageView */ = {
			isa = PBXGroup;
			children = (
				B8E082F52631205F003BC566 /* CVCell */,
				B8486905262D6F2F00C95435 /* DrawnImageView.swift */,
				B84868FF262D6F0E00C95435 /* DrawingOnImgViewVC.swift */,
				B8486900262D6F0E00C95435 /* DrawingOnImgViewVC.xib */,
				B8E082F026311FD4003BC566 /* DrawOnImgVC.swift */,
				B8E082F126311FD4003BC566 /* DrawOnImgVC.xib */,
			);
			path = "3-DrawingOnUIImageView";
			sourceTree = "<group>";
		};
		B848693D262FB6D000C95435 /* 4-ChangeTheme */ = {
			isa = PBXGroup;
			children = (
				B848693E262FB6E400C95435 /* ThemeManager */,
			);
			path = "4-ChangeTheme";
			sourceTree = "<group>";
		};
		B848693E262FB6E400C95435 /* ThemeManager */ = {
			isa = PBXGroup;
			children = (
				B8486941262FB6E400C95435 /* Theme.swift */,
				B8486940262FB6E400C95435 /* ThemeProtocol.swift */,
				B848693F262FB6E400C95435 /* BlueTheme.swift */,
				B8486942262FB6E400C95435 /* RedTheme.swift */,
			);
			path = ThemeManager;
			sourceTree = "<group>";
		};
		B872AC3026203CCA0096ACD3 /* IBInspectableModule */ = {
			isa = PBXGroup;
			children = (
				B872AC1C261F44300096ACD3 /* CustomSliderManager.swift */,
				B872AC2926203C150096ACD3 /* CustomLabelManager.swift */,
				B88DA27E262C03E800C0B37E /* CustomSegment.swift */,
			);
			path = IBInspectableModule;
			sourceTree = "<group>";
		};
		B872AC3126203D280096ACD3 /* View */ = {
			isa = PBXGroup;
			children = (
				B872AC2D26203C930096ACD3 /* Main.storyboard */,
				B81070B025A7E9160085983E /* LaunchScreen.storyboard */,
				B81070AE25A7E9160085983E /* Assets.xcassets */,
			);
			path = View;
			sourceTree = "<group>";
		};
		B872AC3226203DD20096ACD3 /* Controller */ = {
			isa = PBXGroup;
			children = (
				B8F03EF426291E7F00783A5A /* HomePageVC.swift */,
				B8F03EF926291E9300783A5A /* 0-DrawingVC */,
				B8F03EFB2629218900783A5A /* 1-CustomSegmentController */,
				B88DA269262BE65300C0B37E /* 2-SettingVC */,
				B84868FE262D6E9F00C95435 /* 3-DrawingOnUIImageView */,
				B848693D262FB6D000C95435 /* 4-ChangeTheme */,
				B88DA268262BE63800C0B37E /* WorkingOn */,
			);
			path = Controller;
			sourceTree = "<group>";
		};
		B872AC43262140510096ACD3 /* Utils */ = {
			isa = PBXGroup;
			children = (
				B883D71F25B81C4500751A63 /* AlertViewUtil.swift */,
				B87ED3FC25B966EA00CF3EA9 /* PrintInfoUtil.swift */,
				B87ED40225BE57B700CF3EA9 /* GesturesAnimationUtil.swift */,
				B872AC17261F3E7F0096ACD3 /* HapticsUtil.swift */,
				B8867ACA2621547400B14462 /* ImageUtil.swift */,
			);
			path = Utils;
			sourceTree = "<group>";
		};
		B872AC44262140650096ACD3 /* Extention */ = {
			isa = PBXGroup;
			children = (
				B87ED3FF25B9800000CF3EA9 /* UIViewExtension.swift */,
				B872AC49262140E80096ACD3 /* UIColorExtension.swift */,
				B872AC4C262141130096ACD3 /* UITextFieldExtension.swift */,
				B8867AC32621489300B14462 /* UIImageExtension.swift */,
				B872AC4F262141440096ACD3 /* ArrayExtension.swift */,
			);
			path = Extention;
			sourceTree = "<group>";
		};
		B87ED3EE25B912B100CF3EA9 /* Explanation */ = {
			isa = PBXGroup;
			children = (
				B87ED3EF25B912E700CF3EA9 /* 鍵盤不遮擋文字框.swift */,
			);
			path = Explanation;
			sourceTree = "<group>";
		};
		B883D71E25B81C2600751A63 /* Module */ = {
			isa = PBXGroup;
			children = (
				B81070BA25A7E9560085983E /* CanvasView.swift */,
			);
			path = Module;
			sourceTree = "<group>";
		};
		B88DA268262BE63800C0B37E /* WorkingOn */ = {
			isa = PBXGroup;
			children = (
			);
			path = WorkingOn;
			sourceTree = "<group>";
		};
		B88DA269262BE65300C0B37E /* 2-SettingVC */ = {
			isa = PBXGroup;
			children = (
				B88DA273262BE6B100C0B37E /* XibView */,
				B88DA26D262BE67000C0B37E /* XibTableViewCell */,
				B88DA26A262BE66800C0B37E /* SettingVC.swift */,
			);
			path = "2-SettingVC";
			sourceTree = "<group>";
		};
		B88DA26D262BE67000C0B37E /* XibTableViewCell */ = {
			isa = PBXGroup;
			children = (
				B88DA26E262BE67000C0B37E /* SectionTVCell.swift */,
				B88DA26F262BE67000C0B37E /* SectionTVCell.xib */,
			);
			path = XibTableViewCell;
			sourceTree = "<group>";
		};
		B88DA273262BE6B100C0B37E /* XibView */ = {
			isa = PBXGroup;
			children = (
				B88DA274262BE6B100C0B37E /* XibViewForCell.xib */,
				B88DA275262BE6B100C0B37E /* XibViewForCell.swift */,
			);
			path = XibView;
			sourceTree = "<group>";
		};
		B8E082F52631205F003BC566 /* CVCell */ = {
			isa = PBXGroup;
			children = (
				B8E082F62631205F003BC566 /* PickColorCVCell.swift */,
				B8E082F72631205F003BC566 /* PickColorCVCell.xib */,
			);
			path = CVCell;
			sourceTree = "<group>";
		};
		B8F03EF926291E9300783A5A /* 0-DrawingVC */ = {
			isa = PBXGroup;
			children = (
				B81070A925A7E9150085983E /* DrawingVC.swift */,
				B87A7098262541FF00FB1707 /* DrawingExtensionGesture.swift */,
				B8867ADE26247A5500B14462 /* EditTextVC.swift */,
				B8867AE426247B2200B14462 /* EditTextVC.xib */,
				B81070C225A7EF5A0085983E /* PreviewImgVC.swift */,
			);
			path = "0-DrawingVC";
			sourceTree = "<group>";
		};
		B8F03EFB2629218900783A5A /* 1-CustomSegmentController */ = {
			isa = PBXGroup;
			children = (
				B8F03EFC262921B000783A5A /* CustomSegmentVC.swift */,
				B8F03EFD262921B000783A5A /* CustomSegmentVC.xib */,
			);
			path = "1-CustomSegmentController";
			sourceTree = "<group>";
		};
/* End PBXGroup section */

/* Begin PBXNativeTarget section */
		B81070A125A7E9150085983E /* DrawingFor12-older */ = {
			isa = PBXNativeTarget;
			buildConfigurationList = B81070B625A7E9160085983E /* Build configuration list for PBXNativeTarget "DrawingFor12-older" */;
			buildPhases = (
				B810709E25A7E9150085983E /* Sources */,
				B810709F25A7E9150085983E /* Frameworks */,
				B81070A025A7E9150085983E /* Resources */,
			);
			buildRules = (
			);
			dependencies = (
			);
			name = "DrawingFor12-older";
			productName = "DrawingFor12-older";
			productReference = B81070A225A7E9150085983E /* DrawingFor12-older.app */;
			productType = "com.apple.product-type.application";
		};
/* End PBXNativeTarget section */

/* Begin PBXProject section */
		B810709A25A7E9150085983E /* Project object */ = {
			isa = PBXProject;
			attributes = {
				LastSwiftUpdateCheck = 1230;
				LastUpgradeCheck = 1230;
				TargetAttributes = {
					B81070A125A7E9150085983E = {
						CreatedOnToolsVersion = 12.3;
					};
				};
			};
			buildConfigurationList = B810709D25A7E9150085983E /* Build configuration list for PBXProject "DrawingFor12-older" */;
			compatibilityVersion = "Xcode 9.3";
			developmentRegion = en;
			hasScannedForEncodings = 0;
			knownRegions = (
				en,
				Base,
			);
			mainGroup = B810709925A7E9150085983E;
			productRefGroup = B81070A325A7E9150085983E /* Products */;
			projectDirPath = "";
			projectRoot = "";
			targets = (
				B81070A125A7E9150085983E /* DrawingFor12-older */,
			);
		};
/* End PBXProject section */

/* Begin PBXResourcesBuildPhase section */
		B81070A025A7E9150085983E /* Resources */ = {
			isa = PBXResourcesBuildPhase;
			buildActionMask = 2147483647;
			files = (
				B872AC2E26203C930096ACD3 /* Main.storyboard in Resources */,
				B8E082F92631205F003BC566 /* PickColorCVCell.xib in Resources */,
				B8486902262D6F0E00C95435 /* DrawingOnImgViewVC.xib in Resources */,
				B88DA271262BE67000C0B37E /* SectionTVCell.xib in Resources */,
				B81070B225A7E9160085983E /* LaunchScreen.storyboard in Resources */,
				B88DA276262BE6B100C0B37E /* XibViewForCell.xib in Resources */,
				B8E082F326311FD4003BC566 /* DrawOnImgVC.xib in Resources */,
				B81070AF25A7E9160085983E /* Assets.xcassets in Resources */,
				B8867AE526247B2200B14462 /* EditTextVC.xib in Resources */,
				B8F03EFF262921B000783A5A /* CustomSegmentVC.xib in Resources */,
			);
			runOnlyForDeploymentPostprocessing = 0;
		};
/* End PBXResourcesBuildPhase section */

/* Begin PBXSourcesBuildPhase section */
		B810709E25A7E9150085983E /* Sources */ = {
			isa = PBXSourcesBuildPhase;
			buildActionMask = 2147483647;
			files = (
				B87ED40325BE57B700CF3EA9 /* GesturesAnimationUtil.swift in Sources */,
				B88DA26B262BE66800C0B37E /* SettingVC.swift in Sources */,
				B872AC4A262140E80096ACD3 /* UIColorExtension.swift in Sources */,
				B8867AC42621489300B14462 /* UIImageExtension.swift in Sources */,
				B88DA277262BE6B100C0B37E /* XibViewForCell.swift in Sources */,
				B88DA270262BE67000C0B37E /* SectionTVCell.swift in Sources */,
				B87ED3F025B912E700CF3EA9 /* 鍵盤不遮擋文字框.swift in Sources */,
				B883D72025B81C4500751A63 /* AlertViewUtil.swift in Sources */,
				B872AC2A26203C150096ACD3 /* CustomLabelManager.swift in Sources */,
				B88DA27F262C03E800C0B37E /* CustomSegment.swift in Sources */,
				B81070C325A7EF5A0085983E /* PreviewImgVC.swift in Sources */,
				B81070AA25A7E9150085983E /* DrawingVC.swift in Sources */,
				B8486906262D6F2F00C95435 /* DrawnImageView.swift in Sources */,
				B8E082F82631205F003BC566 /* PickColorCVCell.swift in Sources */,
				B8E082F226311FD4003BC566 /* DrawOnImgVC.swift in Sources */,
				B8486943262FB6E400C95435 /* BlueTheme.swift in Sources */,
				B81070A625A7E9150085983E /* AppDelegate.swift in Sources */,
				B81070BB25A7E9560085983E /* CanvasView.swift in Sources */,
				B8F03EF626291E7F00783A5A /* HomePageVC.swift in Sources */,
				B87ED3FD25B966EA00CF3EA9 /* PrintInfoUtil.swift in Sources */,
				B872AC4D262141130096ACD3 /* UITextFieldExtension.swift in Sources */,
				B8867ACB2621547400B14462 /* ImageUtil.swift in Sources */,
				B8486944262FB6E400C95435 /* ThemeProtocol.swift in Sources */,
				B8867AE026247A5500B14462 /* EditTextVC.swift in Sources */,
				B872AC50262141440096ACD3 /* ArrayExtension.swift in Sources */,
				B872AC18261F3E7F0096ACD3 /* HapticsUtil.swift in Sources */,
				B8486901262D6F0E00C95435 /* DrawingOnImgViewVC.swift in Sources */,
				B87A7099262541FF00FB1707 /* DrawingExtensionGesture.swift in Sources */,
				B872AC1D261F44300096ACD3 /* CustomSliderManager.swift in Sources */,
				B8486945262FB6E400C95435 /* Theme.swift in Sources */,
				B8486946262FB6E400C95435 /* RedTheme.swift in Sources */,
				B87ED40025B9800000CF3EA9 /* UIViewExtension.swift in Sources */,
				B8F03EFE262921B000783A5A /* CustomSegmentVC.swift in Sources */,
			);
			runOnlyForDeploymentPostprocessing = 0;
		};
/* End PBXSourcesBuildPhase section */

/* Begin PBXVariantGroup section */
		B81070B025A7E9160085983E /* LaunchScreen.storyboard */ = {
			isa = PBXVariantGroup;
			children = (
				B81070B125A7E9160085983E /* Base */,
			);
			name = LaunchScreen.storyboard;
			sourceTree = "<group>";
		};
/* End PBXVariantGroup section */

/* Begin XCBuildConfiguration section */
		B81070B425A7E9160085983E /* Debug */ = {
			isa = XCBuildConfiguration;
			buildSettings = {
				ALWAYS_SEARCH_USER_PATHS = NO;
				CLANG_ANALYZER_NONNULL = YES;
				CLANG_ANALYZER_NUMBER_OBJECT_CONVERSION = YES_AGGRESSIVE;
				CLANG_CXX_LANGUAGE_STANDARD = "gnu++14";
				CLANG_CXX_LIBRARY = "libc++";
				CLANG_ENABLE_MODULES = YES;
				CLANG_ENABLE_OBJC_ARC = YES;
				CLANG_ENABLE_OBJC_WEAK = YES;
				CLANG_WARN_BLOCK_CAPTURE_AUTORELEASING = YES;
				CLANG_WARN_BOOL_CONVERSION = YES;
				CLANG_WARN_COMMA = YES;
				CLANG_WARN_CONSTANT_CONVERSION = YES;
				CLANG_WARN_DEPRECATED_OBJC_IMPLEMENTATIONS = YES;
				CLANG_WARN_DIRECT_OBJC_ISA_USAGE = YES_ERROR;
				CLANG_WARN_DOCUMENTATION_COMMENTS = YES;
				CLANG_WARN_EMPTY_BODY = YES;
				CLANG_WARN_ENUM_CONVERSION = YES;
				CLANG_WARN_INFINITE_RECURSION = YES;
				CLANG_WARN_INT_CONVERSION = YES;
				CLANG_WARN_NON_LITERAL_NULL_CONVERSION = YES;
				CLANG_WARN_OBJC_IMPLICIT_RETAIN_SELF = YES;
				CLANG_WARN_OBJC_LITERAL_CONVERSION = YES;
				CLANG_WARN_OBJC_ROOT_CLASS = YES_ERROR;
				CLANG_WARN_QUOTED_INCLUDE_IN_FRAMEWORK_HEADER = YES;
				CLANG_WARN_RANGE_LOOP_ANALYSIS = YES;
				CLANG_WARN_STRICT_PROTOTYPES = YES;
				CLANG_WARN_SUSPICIOUS_MOVE = YES;
				CLANG_WARN_UNGUARDED_AVAILABILITY = YES_AGGRESSIVE;
				CLANG_WARN_UNREACHABLE_CODE = YES;
				CLANG_WARN__DUPLICATE_METHOD_MATCH = YES;
				COPY_PHASE_STRIP = NO;
				DEBUG_INFORMATION_FORMAT = dwarf;
				ENABLE_STRICT_OBJC_MSGSEND = YES;
				ENABLE_TESTABILITY = YES;
				GCC_C_LANGUAGE_STANDARD = gnu11;
				GCC_DYNAMIC_NO_PIC = NO;
				GCC_NO_COMMON_BLOCKS = YES;
				GCC_OPTIMIZATION_LEVEL = 0;
				GCC_PREPROCESSOR_DEFINITIONS = (
					"DEBUG=1",
					"$(inherited)",
				);
				GCC_WARN_64_TO_32_BIT_CONVERSION = YES;
				GCC_WARN_ABOUT_RETURN_TYPE = YES_ERROR;
				GCC_WARN_UNDECLARED_SELECTOR = YES;
				GCC_WARN_UNINITIALIZED_AUTOS = YES_AGGRESSIVE;
				GCC_WARN_UNUSED_FUNCTION = YES;
				GCC_WARN_UNUSED_VARIABLE = YES;
				IPHONEOS_DEPLOYMENT_TARGET = 12.0;
				MTL_ENABLE_DEBUG_INFO = INCLUDE_SOURCE;
				MTL_FAST_MATH = YES;
				ONLY_ACTIVE_ARCH = YES;
				SDKROOT = iphoneos;
				SWIFT_ACTIVE_COMPILATION_CONDITIONS = DEBUG;
				SWIFT_OPTIMIZATION_LEVEL = "-Onone";
			};
			name = Debug;
		};
		B81070B525A7E9160085983E /* Release */ = {
			isa = XCBuildConfiguration;
			buildSettings = {
				ALWAYS_SEARCH_USER_PATHS = NO;
				CLANG_ANALYZER_NONNULL = YES;
				CLANG_ANALYZER_NUMBER_OBJECT_CONVERSION = YES_AGGRESSIVE;
				CLANG_CXX_LANGUAGE_STANDARD = "gnu++14";
				CLANG_CXX_LIBRARY = "libc++";
				CLANG_ENABLE_MODULES = YES;
				CLANG_ENABLE_OBJC_ARC = YES;
				CLANG_ENABLE_OBJC_WEAK = YES;
				CLANG_WARN_BLOCK_CAPTURE_AUTORELEASING = YES;
				CLANG_WARN_BOOL_CONVERSION = YES;
				CLANG_WARN_COMMA = YES;
				CLANG_WARN_CONSTANT_CONVERSION = YES;
				CLANG_WARN_DEPRECATED_OBJC_IMPLEMENTATIONS = YES;
				CLANG_WARN_DIRECT_OBJC_ISA_USAGE = YES_ERROR;
				CLANG_WARN_DOCUMENTATION_COMMENTS = YES;
				CLANG_WARN_EMPTY_BODY = YES;
				CLANG_WARN_ENUM_CONVERSION = YES;
				CLANG_WARN_INFINITE_RECURSION = YES;
				CLANG_WARN_INT_CONVERSION = YES;
				CLANG_WARN_NON_LITERAL_NULL_CONVERSION = YES;
				CLANG_WARN_OBJC_IMPLICIT_RETAIN_SELF = YES;
				CLANG_WARN_OBJC_LITERAL_CONVERSION = YES;
				CLANG_WARN_OBJC_ROOT_CLASS = YES_ERROR;
				CLANG_WARN_QUOTED_INCLUDE_IN_FRAMEWORK_HEADER = YES;
				CLANG_WARN_RANGE_LOOP_ANALYSIS = YES;
				CLANG_WARN_STRICT_PROTOTYPES = YES;
				CLANG_WARN_SUSPICIOUS_MOVE = YES;
				CLANG_WARN_UNGUARDED_AVAILABILITY = YES_AGGRESSIVE;
				CLANG_WARN_UNREACHABLE_CODE = YES;
				CLANG_WARN__DUPLICATE_METHOD_MATCH = YES;
				COPY_PHASE_STRIP = NO;
				DEBUG_INFORMATION_FORMAT = "dwarf-with-dsym";
				ENABLE_NS_ASSERTIONS = NO;
				ENABLE_STRICT_OBJC_MSGSEND = YES;
				GCC_C_LANGUAGE_STANDARD = gnu11;
				GCC_NO_COMMON_BLOCKS = YES;
				GCC_WARN_64_TO_32_BIT_CONVERSION = YES;
				GCC_WARN_ABOUT_RETURN_TYPE = YES_ERROR;
				GCC_WARN_UNDECLARED_SELECTOR = YES;
				GCC_WARN_UNINITIALIZED_AUTOS = YES_AGGRESSIVE;
				GCC_WARN_UNUSED_FUNCTION = YES;
				GCC_WARN_UNUSED_VARIABLE = YES;
				IPHONEOS_DEPLOYMENT_TARGET = 12.0;
				MTL_ENABLE_DEBUG_INFO = NO;
				MTL_FAST_MATH = YES;
				SDKROOT = iphoneos;
				SWIFT_COMPILATION_MODE = wholemodule;
				SWIFT_OPTIMIZATION_LEVEL = "-O";
				VALIDATE_PRODUCT = YES;
			};
			name = Release;
		};
		B81070B725A7E9160085983E /* Debug */ = {
			isa = XCBuildConfiguration;
			buildSettings = {
				ASSETCATALOG_COMPILER_APPICON_NAME = AppIcon;
				ASSETCATALOG_COMPILER_GLOBAL_ACCENT_COLOR_NAME = AccentColor;
				CODE_SIGN_STYLE = Automatic;
				DEVELOPMENT_TEAM = 5UYP22M66K;
				INFOPLIST_FILE = "DrawingFor12-older/Info.plist";
				LD_RUNPATH_SEARCH_PATHS = (
					"$(inherited)",
					"@executable_path/Frameworks",
				);
				PRODUCT_BUNDLE_IDENTIFIER = "com.dorothy.DrawingFor12-older";
				PRODUCT_NAME = "$(TARGET_NAME)";
				SWIFT_VERSION = 5.0;
				TARGETED_DEVICE_FAMILY = "1,2";
			};
			name = Debug;
		};
		B81070B825A7E9160085983E /* Release */ = {
			isa = XCBuildConfiguration;
			buildSettings = {
				ASSETCATALOG_COMPILER_APPICON_NAME = AppIcon;
				ASSETCATALOG_COMPILER_GLOBAL_ACCENT_COLOR_NAME = AccentColor;
				CODE_SIGN_STYLE = Automatic;
				DEVELOPMENT_TEAM = 5UYP22M66K;
				INFOPLIST_FILE = "DrawingFor12-older/Info.plist";
				LD_RUNPATH_SEARCH_PATHS = (
					"$(inherited)",
					"@executable_path/Frameworks",
				);
				PRODUCT_BUNDLE_IDENTIFIER = "com.dorothy.DrawingFor12-older";
				PRODUCT_NAME = "$(TARGET_NAME)";
				SWIFT_VERSION = 5.0;
				TARGETED_DEVICE_FAMILY = "1,2";
			};
			name = Release;
		};
/* End XCBuildConfiguration section */

/* Begin XCConfigurationList section */
		B810709D25A7E9150085983E /* Build configuration list for PBXProject "DrawingFor12-older" */ = {
			isa = XCConfigurationList;
			buildConfigurations = (
				B81070B425A7E9160085983E /* Debug */,
				B81070B525A7E9160085983E /* Release */,
			);
			defaultConfigurationIsVisible = 0;
			defaultConfigurationName = Release;
		};
		B81070B625A7E9160085983E /* Build configuration list for PBXNativeTarget "DrawingFor12-older" */ = {
			isa = XCConfigurationList;
			buildConfigurations = (
				B81070B725A7E9160085983E /* Debug */,
				B81070B825A7E9160085983E /* Release */,
			);
			defaultConfigurationIsVisible = 0;
			defaultConfigurationName = Release;
		};
/* End XCConfigurationList section */
	};
	rootObject = B810709A25A7E9150085983E /* Project object */;
}
